
Microsoft Visual Studio Solution File, Format Version 12.00
# Visual Studio Version 16
VisualStudioVersion = 16.0.31105.61
MinimumVisualStudioVersion = 10.0.40219.1
Project("{FAE04EC0-301F-11D3-BF4B-00C04F79EFBC}") = "Console", "Console.csproj", "{E8042000-D3A9-499B-A6B7-8384414EB0BD}"
EndProject
Global
	GlobalSection(SolutionConfigurationPlatforms) = preSolution
		Debug|Any CPU = Debug|Any CPU
		Release|Any CPU = Release|Any CPU
	EndGlobalSection
	GlobalSection(ProjectConfigurationPlatforms) = postSolution
		{E8042000-D3A9-499B-A6B7-8384414EB0BD}.Debug|Any CPU.ActiveCfg = Debug|Any CPU
		{E8042000-D3A9-499B-A6B7-8384414EB0BD}.Debug|Any CPU.Build.0 = Debug|Any CPU
		{E8042000-D3A9-499B-A6B7-8384414EB0BD}.Release|Any CPU.ActiveCfg = Release|Any CPU
		{E8042000-D3A9-499B-A6B7-8384414EB0BD}.Release|Any CPU.Build.0 = Release|Any CPU
	EndGlobalSection
	GlobalSection(SolutionProperties) = preSolution
		HideSolutionNode = FALSE
	EndGlobalSection
	GlobalSection(ExtensibilityGlobals) = postSolution
		SolutionGuid = {59D9941E-23E7-4631-B961-1CC229909724}
	EndGlobalSection
EndGlobal
